
Microsoft Visual Studio Solution File, Format Version 12.00
# Visual Studio Version 17
VisualStudioVersion = 17.8.34316.72
MinimumVisualStudioVersion = 10.0.40219.1
Project("{FAE04EC0-301F-11D3-BF4B-00C04F79EFBC}") = "WebAppDEULinux", "WebAppDEULinux.csproj", "{0F365361-EF9C-40A4-989D-01274FFB29FE}"
EndProject
Global
	GlobalSection(SolutionConfigurationPlatforms) = preSolution
		Debug|Any CPU = Debug|Any CPU
		Release|Any CPU = Release|Any CPU
	EndGlobalSection
	GlobalSection(ProjectConfigurationPlatforms) = postSolution
		{0F365361-EF9C-40A4-989D-01274FFB29FE}.Debug|Any CPU.ActiveCfg = Debug|Any CPU
		{0F365361-EF9C-40A4-989D-01274FFB29FE}.Debug|Any CPU.Build.0 = Debug|Any CPU
		{0F365361-EF9C-40A4-989D-01274FFB29FE}.Release|Any CPU.ActiveCfg = Release|Any CPU
		{0F365361-EF9C-40A4-989D-01274FFB29FE}.Release|Any CPU.Build.0 = Release|Any CPU
	EndGlobalSection
	GlobalSection(SolutionProperties) = preSolution
		HideSolutionNode = FALSE
	EndGlobalSection
	GlobalSection(ExtensibilityGlobals) = postSolution
		SolutionGuid = {1B21078C-8BB8-41AB-BF77-17772CE3F2E3}
	EndGlobalSection
EndGlobal
